
Microsoft Visual Studio Solution File, Format Version 12.00
# Visual Studio Version 17
VisualStudioVersion = 17.4.33205.214
MinimumVisualStudioVersion = 10.0.40219.1
Project("{9A19103F-16F7-4668-BE54-9A1E7A4F7556}") = "FridgeProducts", "Methanit_ASP_NET_Core_7\FridgeProducts.csproj", "{7B491C20-E548-4BB3-A342-6F3BD2C3DFB9}"
EndProject
Project("{9A19103F-16F7-4668-BE54-9A1E7A4F7556}") = "Methanit_ASP_NET_Core_7_Tests", "Methanit_ASP_NET_Core_7_Tests\Methanit_ASP_NET_Core_7_Tests.csproj", "{9A744372-2785-4BCC-8A2F-5EA91A325DD9}"
EndProject
Global
	GlobalSection(SolutionConfigurationPlatforms) = preSolution
		Debug|Any CPU = Debug|Any CPU
		Release|Any CPU = Release|Any CPU
	EndGlobalSection
	GlobalSection(ProjectConfigurationPlatforms) = postSolution
		{7B491C20-E548-4BB3-A342-6F3BD2C3DFB9}.Debug|Any CPU.ActiveCfg = Debug|Any CPU
		{7B491C20-E548-4BB3-A342-6F3BD2C3DFB9}.Debug|Any CPU.Build.0 = Debug|Any CPU
		{7B491C20-E548-4BB3-A342-6F3BD2C3DFB9}.Release|Any CPU.ActiveCfg = Release|Any CPU
		{7B491C20-E548-4BB3-A342-6F3BD2C3DFB9}.Release|Any CPU.Build.0 = Release|Any CPU
		{9A744372-2785-4BCC-8A2F-5EA91A325DD9}.Debug|Any CPU.ActiveCfg = Debug|Any CPU
		{9A744372-2785-4BCC-8A2F-5EA91A325DD9}.Debug|Any CPU.Build.0 = Debug|Any CPU
		{9A744372-2785-4BCC-8A2F-5EA91A325DD9}.Release|Any CPU.ActiveCfg = Release|Any CPU
		{9A744372-2785-4BCC-8A2F-5EA91A325DD9}.Release|Any CPU.Build.0 = Release|Any CPU
	EndGlobalSection
	GlobalSection(SolutionProperties) = preSolution
		HideSolutionNode = FALSE
	EndGlobalSection
	GlobalSection(ExtensibilityGlobals) = postSolution
		SolutionGuid = {C1FDBFC3-2555-4306-BF43-FCDEC8A116E5}
	EndGlobalSection
EndGlobal
